{
  "name": "node",
  "version": "1.0.0",
  "lockfileVersion": 3,
  "requires": true,
  "packages": {
    "": {
      "name": "node",
      "version": "1.0.0",
      "license": "ISC",
      "dependencies": {
        "getmostcommonletter": "^1.0.2"
      }
    },
    "node_modules/getmostcommonletter": {
      "version": "1.0.2",
      "resolved": "https://registry.npmjs.org/getmostcommonletter/-/getmostcommonletter-1.0.2.tgz",
      "integrity": "sha512-YGRH8XJzKFfswZYeWPNQepWtVEugvw7I6iYqKTaUQ7nA7pHWEG1tNlK4J8eSRgN7ZPx0GSBRVSZ1VXA4UFRqOQ=="
    }
  }
}
